
Microsoft Visual Studio Solution File, Format Version 12.00
# Visual Studio 15
VisualStudioVersion = 15.0.27703.2026
MinimumVisualStudioVersion = 10.0.40219.1
Project("{FAE04EC0-301F-11D3-BF4B-00C04F79EFBC}") = "DataTemplateSample.Android", "DataTemplateSample\DataTemplateSample.Android\DataTemplateSample.Android.csproj", "{E8992499-961C-4670-AC7B-E9B74657E85D}"
EndProject
Project("{FAE04EC0-301F-11D3-BF4B-00C04F79EFBC}") = "DataTemplateSample.iOS", "DataTemplateSample\DataTemplateSample.iOS\DataTemplateSample.iOS.csproj", "{3442482B-404F-4922-A971-CDF34C4AB6FF}"
EndProject
Project("{9A19103F-16F7-4668-BE54-9A1E7A4F7556}") = "DataTemplateSample", "DataTemplateSample\DataTemplateSample\DataTemplateSample.csproj", "{1876D222-9B83-4604-8CDC-FD7F15EF6EFE}"
EndProject
Project("{9A19103F-16F7-4668-BE54-9A1E7A4F7556}") = "SaltyDogControls", "SaltyDogControls\SaltyDogControls.csproj", "{07CF7539-768E-4CA1-AF6A-2D60BA96F079}"
EndProject
Global
	GlobalSection(SolutionConfigurationPlatforms) = preSolution
		Ad-Hoc|Any CPU = Ad-Hoc|Any CPU
		Ad-Hoc|iPhone = Ad-Hoc|iPhone
		Ad-Hoc|iPhoneSimulator = Ad-Hoc|iPhoneSimulator
		AppStore|Any CPU = AppStore|Any CPU
		AppStore|iPhone = AppStore|iPhone
		AppStore|iPhoneSimulator = AppStore|iPhoneSimulator
		Debug|Any CPU = Debug|Any CPU
		Debug|iPhone = Debug|iPhone
		Debug|iPhoneSimulator = Debug|iPhoneSimulator
		Release|Any CPU = Release|Any CPU
		Release|iPhone = Release|iPhone
		Release|iPhoneSimulator = Release|iPhoneSimulator
	EndGlobalSection
	GlobalSection(ProjectConfigurationPlatforms) = postSolution
		{E8992499-961C-4670-AC7B-E9B74657E85D}.Ad-Hoc|Any CPU.ActiveCfg = Release|Any CPU
		{E8992499-961C-4670-AC7B-E9B74657E85D}.Ad-Hoc|Any CPU.Build.0 = Release|Any CPU
		{E8992499-961C-4670-AC7B-E9B74657E85D}.Ad-Hoc|Any CPU.Deploy.0 = Release|Any CPU
		{E8992499-961C-4670-AC7B-E9B74657E85D}.Ad-Hoc|iPhone.ActiveCfg = Release|Any CPU
		{E8992499-961C-4670-AC7B-E9B74657E85D}.Ad-Hoc|iPhone.Build.0 = Release|Any CPU
		{E8992499-961C-4670-AC7B-E9B74657E85D}.Ad-Hoc|iPhone.Deploy.0 = Release|Any CPU
		{E8992499-961C-4670-AC7B-E9B74657E85D}.Ad-Hoc|iPhoneSimulator.ActiveCfg = Release|Any CPU
		{E8992499-961C-4670-AC7B-E9B74657E85D}.Ad-Hoc|iPhoneSimulator.Build.0 = Release|Any CPU
		{E8992499-961C-4670-AC7B-E9B74657E85D}.Ad-Hoc|iPhoneSimulator.Deploy.0 = Release|Any CPU
		{E8992499-961C-4670-AC7B-E9B74657E85D}.AppStore|Any CPU.ActiveCfg = Release|Any CPU
		{E8992499-961C-4670-AC7B-E9B74657E85D}.AppStore|Any CPU.Build.0 = Release|Any CPU
		{E8992499-961C-4670-AC7B-E9B74657E85D}.AppStore|Any CPU.Deploy.0 = Release|Any CPU
		{E8992499-961C-4670-AC7B-E9B74657E85D}.AppStore|iPhone.ActiveCfg = Release|Any CPU
		{E8992499-961C-4670-AC7B-E9B74657E85D}.AppStore|iPhone.Build.0 = Release|Any CPU
		{E8992499-961C-4670-AC7B-E9B74657E85D}.AppStore|iPhone.Deploy.0 = Release|Any CPU
		{E8992499-961C-4670-AC7B-E9B74657E85D}.AppStore|iPhoneSimulator.ActiveCfg = Release|Any CPU
		{E8992499-961C-4670-AC7B-E9B74657E85D}.AppStore|iPhoneSimulator.Build.0 = Release|Any CPU
		{E8992499-961C-4670-AC7B-E9B74657E85D}.AppStore|iPhoneSimulator.Deploy.0 = Release|Any CPU
		{E8992499-961C-4670-AC7B-E9B74657E85D}.Debug|Any CPU.ActiveCfg = Debug|Any CPU
		{E8992499-961C-4670-AC7B-E9B74657E85D}.Debug|Any CPU.Build.0 = Debug|Any CPU
		{E8992499-961C-4670-AC7B-E9B74657E85D}.Debug|Any CPU.Deploy.0 = Debug|Any CPU
		{E8992499-961C-4670-AC7B-E9B74657E85D}.Debug|iPhone.ActiveCfg = Debug|Any CPU
		{E8992499-961C-4670-AC7B-E9B74657E85D}.Debug|iPhone.Build.0 = Debug|Any CPU
		{E8992499-961C-4670-AC7B-E9B74657E85D}.Debug|iPhone.Deploy.0 = Debug|Any CPU
		{E8992499-961C-4670-AC7B-E9B74657E85D}.Debug|iPhoneSimulator.ActiveCfg = Debug|Any CPU
		{E8992499-961C-4670-AC7B-E9B74657E85D}.Debug|iPhoneSimulator.Build.0 = Debug|Any CPU
		{E8992499-961C-4670-AC7B-E9B74657E85D}.Debug|iPhoneSimulator.Deploy.0 = Debug|Any CPU
		{E8992499-961C-4670-AC7B-E9B74657E85D}.Release|Any CPU.ActiveCfg = Release|Any CPU
		{E8992499-961C-4670-AC7B-E9B74657E85D}.Release|Any CPU.Build.0 = Release|Any CPU
		{E8992499-961C-4670-AC7B-E9B74657E85D}.Release|Any CPU.Deploy.0 = Release|Any CPU
		{E8992499-961C-4670-AC7B-E9B74657E85D}.Release|iPhone.ActiveCfg = Release|Any CPU
		{E8992499-961C-4670-AC7B-E9B74657E85D}.Release|iPhone.Build.0 = Release|Any CPU
		{E8992499-961C-4670-AC7B-E9B74657E85D}.Release|iPhone.Deploy.0 = Release|Any CPU
		{E8992499-961C-4670-AC7B-E9B74657E85D}.Release|iPhoneSimulator.ActiveCfg = Release|Any CPU
		{E8992499-961C-4670-AC7B-E9B74657E85D}.Release|iPhoneSimulator.Build.0 = Release|Any CPU
		{E8992499-961C-4670-AC7B-E9B74657E85D}.Release|iPhoneSimulator.Deploy.0 = Release|Any CPU
		{3442482B-404F-4922-A971-CDF34C4AB6FF}.Ad-Hoc|Any CPU.ActiveCfg = Ad-Hoc|iPhone
		{3442482B-404F-4922-A971-CDF34C4AB6FF}.Ad-Hoc|Any CPU.Build.0 = Ad-Hoc|iPhone
		{3442482B-404F-4922-A971-CDF34C4AB6FF}.Ad-Hoc|Any CPU.Deploy.0 = Ad-Hoc|iPhone
		{3442482B-404F-4922-A971-CDF34C4AB6FF}.Ad-Hoc|iPhone.ActiveCfg = Ad-Hoc|iPhone
		{3442482B-404F-4922-A971-CDF34C4AB6FF}.Ad-Hoc|iPhone.Build.0 = Ad-Hoc|iPhone
		{3442482B-404F-4922-A971-CDF34C4AB6FF}.Ad-Hoc|iPhone.Deploy.0 = Ad-Hoc|iPhone
		{3442482B-404F-4922-A971-CDF34C4AB6FF}.Ad-Hoc|iPhoneSimulator.ActiveCfg = Ad-Hoc|iPhoneSimulator
		{3442482B-404F-4922-A971-CDF34C4AB6FF}.Ad-Hoc|iPhoneSimulator.Build.0 = Ad-Hoc|iPhoneSimulator
		{3442482B-404F-4922-A971-CDF34C4AB6FF}.Ad-Hoc|iPhoneSimulator.Deploy.0 = Ad-Hoc|iPhoneSimulator
		{3442482B-404F-4922-A971-CDF34C4AB6FF}.AppStore|Any CPU.ActiveCfg = AppStore|iPhone
		{3442482B-404F-4922-A971-CDF34C4AB6FF}.AppStore|Any CPU.Build.0 = AppStore|iPhone
		{3442482B-404F-4922-A971-CDF34C4AB6FF}.AppStore|Any CPU.Deploy.0 = AppStore|iPhone
		{3442482B-404F-4922-A971-CDF34C4AB6FF}.AppStore|iPhone.ActiveCfg = AppStore|iPhone
		{3442482B-404F-4922-A971-CDF34C4AB6FF}.AppStore|iPhone.Build.0 = AppStore|iPhone
		{3442482B-404F-4922-A971-CDF34C4AB6FF}.AppStore|iPhone.Deploy.0 = AppStore|iPhone
		{3442482B-404F-4922-A971-CDF34C4AB6FF}.AppStore|iPhoneSimulator.ActiveCfg = AppStore|iPhoneSimulator
		{3442482B-404F-4922-A971-CDF34C4AB6FF}.AppStore|iPhoneSimulator.Build.0 = AppStore|iPhoneSimulator
		{3442482B-404F-4922-A971-CDF34C4AB6FF}.AppStore|iPhoneSimulator.Deploy.0 = AppStore|iPhoneSimulator
		{3442482B-404F-4922-A971-CDF34C4AB6FF}.Debug|Any CPU.ActiveCfg = Debug|iPhoneSimulator
		{3442482B-404F-4922-A971-CDF34C4AB6FF}.Debug|Any CPU.Build.0 = Debug|iPhoneSimulator
		{3442482B-404F-4922-A971-CDF34C4AB6FF}.Debug|Any CPU.Deploy.0 = Debug|iPhoneSimulator
		{3442482B-404F-4922-A971-CDF34C4AB6FF}.Debug|iPhone.ActiveCfg = Debug|iPhone
		{3442482B-404F-4922-A971-CDF34C4AB6FF}.Debug|iPhone.Build.0 = Debug|iPhone
		{3442482B-404F-4922-A971-CDF34C4AB6FF}.Debug|iPhone.Deploy.0 = Debug|iPhone
		{3442482B-404F-4922-A971-CDF34C4AB6FF}.Debug|iPhoneSimulator.ActiveCfg = Debug|iPhoneSimulator
		{3442482B-404F-4922-A971-CDF34C4AB6FF}.Debug|iPhoneSimulator.Build.0 = Debug|iPhoneSimulator
		{3442482B-404F-4922-A971-CDF34C4AB6FF}.Debug|iPhoneSimulator.Deploy.0 = Debug|iPhoneSimulator
		{3442482B-404F-4922-A971-CDF34C4AB6FF}.Release|Any CPU.ActiveCfg = Release|iPhone
		{3442482B-404F-4922-A971-CDF34C4AB6FF}.Release|Any CPU.Build.0 = Release|iPhone
		{3442482B-404F-4922-A971-CDF34C4AB6FF}.Release|Any CPU.Deploy.0 = Release|iPhone
		{3442482B-404F-4922-A971-CDF34C4AB6FF}.Release|iPhone.ActiveCfg = Release|iPhone
		{3442482B-404F-4922-A971-CDF34C4AB6FF}.Release|iPhone.Build.0 = Release|iPhone
		{3442482B-404F-4922-A971-CDF34C4AB6FF}.Release|iPhone.Deploy.0 = Release|iPhone
		{3442482B-404F-4922-A971-CDF34C4AB6FF}.Release|iPhoneSimulator.ActiveCfg = Release|iPhoneSimulator
		{3442482B-404F-4922-A971-CDF34C4AB6FF}.Release|iPhoneSimulator.Build.0 = Release|iPhoneSimulator
		{3442482B-404F-4922-A971-CDF34C4AB6FF}.Release|iPhoneSimulator.Deploy.0 = Release|iPhoneSimulator
		{1876D222-9B83-4604-8CDC-FD7F15EF6EFE}.Ad-Hoc|Any CPU.ActiveCfg = Debug|Any CPU
		{1876D222-9B83-4604-8CDC-FD7F15EF6EFE}.Ad-Hoc|Any CPU.Build.0 = Debug|Any CPU
		{1876D222-9B83-4604-8CDC-FD7F15EF6EFE}.Ad-Hoc|Any CPU.Deploy.0 = Debug|Any CPU
		{1876D222-9B83-4604-8CDC-FD7F15EF6EFE}.Ad-Hoc|iPhone.ActiveCfg = Debug|Any CPU
		{1876D222-9B83-4604-8CDC-FD7F15EF6EFE}.Ad-Hoc|iPhone.Build.0 = Debug|Any CPU
		{1876D222-9B83-4604-8CDC-FD7F15EF6EFE}.Ad-Hoc|iPhone.Deploy.0 = Debug|Any CPU
		{1876D222-9B83-4604-8CDC-FD7F15EF6EFE}.Ad-Hoc|iPhoneSimulator.ActiveCfg = Debug|Any CPU
		{1876D222-9B83-4604-8CDC-FD7F15EF6EFE}.Ad-Hoc|iPhoneSimulator.Build.0 = Debug|Any CPU
		{1876D222-9B83-4604-8CDC-FD7F15EF6EFE}.Ad-Hoc|iPhoneSimulator.Deploy.0 = Debug|Any CPU
		{1876D222-9B83-4604-8CDC-FD7F15EF6EFE}.AppStore|Any CPU.ActiveCfg = Debug|Any CPU
		{1876D222-9B83-4604-8CDC-FD7F15EF6EFE}.AppStore|Any CPU.Build.0 = Debug|Any CPU
		{1876D222-9B83-4604-8CDC-FD7F15EF6EFE}.AppStore|Any CPU.Deploy.0 = Debug|Any CPU
		{1876D222-9B83-4604-8CDC-FD7F15EF6EFE}.AppStore|iPhone.ActiveCfg = Debug|Any CPU
		{1876D222-9B83-4604-8CDC-FD7F15EF6EFE}.AppStore|iPhone.Build.0 = Debug|Any CPU
		{1876D222-9B83-4604-8CDC-FD7F15EF6EFE}.AppStore|iPhone.Deploy.0 = Debug|Any CPU
		{1876D222-9B83-4604-8CDC-FD7F15EF6EFE}.AppStore|iPhoneSimulator.ActiveCfg = Debug|Any CPU
		{1876D222-9B83-4604-8CDC-FD7F15EF6EFE}.AppStore|iPhoneSimulator.Build.0 = Debug|Any CPU
		{1876D222-9B83-4604-8CDC-FD7F15EF6EFE}.AppStore|iPhoneSimulator.Deploy.0 = Debug|Any CPU
		{1876D222-9B83-4604-8CDC-FD7F15EF6EFE}.Debug|Any CPU.ActiveCfg = Debug|Any CPU
		{1876D222-9B83-4604-8CDC-FD7F15EF6EFE}.Debug|Any CPU.Build.0 = Debug|Any CPU
		{1876D222-9B83-4604-8CDC-FD7F15EF6EFE}.Debug|Any CPU.Deploy.0 = Debug|Any CPU
		{1876D222-9B83-4604-8CDC-FD7F15EF6EFE}.Debug|iPhone.ActiveCfg = Debug|Any CPU
		{1876D222-9B83-4604-8CDC-FD7F15EF6EFE}.Debug|iPhone.Build.0 = Debug|Any CPU
		{1876D222-9B83-4604-8CDC-FD7F15EF6EFE}.Debug|iPhone.Deploy.0 = Debug|Any CPU
		{1876D222-9B83-4604-8CDC-FD7F15EF6EFE}.Debug|iPhoneSimulator.ActiveCfg = Debug|Any CPU
		{1876D222-9B83-4604-8CDC-FD7F15EF6EFE}.Debug|iPhoneSimulator.Build.0 = Debug|Any CPU
		{1876D222-9B83-4604-8CDC-FD7F15EF6EFE}.Debug|iPhoneSimulator.Deploy.0 = Debug|Any CPU
		{1876D222-9B83-4604-8CDC-FD7F15EF6EFE}.Release|Any CPU.ActiveCfg = Release|Any CPU
		{1876D222-9B83-4604-8CDC-FD7F15EF6EFE}.Release|Any CPU.Build.0 = Release|Any CPU
		{1876D222-9B83-4604-8CDC-FD7F15EF6EFE}.Release|Any CPU.Deploy.0 = Release|Any CPU
		{1876D222-9B83-4604-8CDC-FD7F15EF6EFE}.Release|iPhone.ActiveCfg = Release|Any CPU
		{1876D222-9B83-4604-8CDC-FD7F15EF6EFE}.Release|iPhone.Build.0 = Release|Any CPU
		{1876D222-9B83-4604-8CDC-FD7F15EF6EFE}.Release|iPhone.Deploy.0 = Release|Any CPU
		{1876D222-9B83-4604-8CDC-FD7F15EF6EFE}.Release|iPhoneSimulator.ActiveCfg = Release|Any CPU
		{1876D222-9B83-4604-8CDC-FD7F15EF6EFE}.Release|iPhoneSimulator.Build.0 = Release|Any CPU
		{1876D222-9B83-4604-8CDC-FD7F15EF6EFE}.Release|iPhoneSimulator.Deploy.0 = Release|Any CPU
		{07CF7539-768E-4CA1-AF6A-2D60BA96F079}.Ad-Hoc|Any CPU.ActiveCfg = Debug|Any CPU
		{07CF7539-768E-4CA1-AF6A-2D60BA96F079}.Ad-Hoc|Any CPU.Build.0 = Debug|Any CPU
		{07CF7539-768E-4CA1-AF6A-2D60BA96F079}.Ad-Hoc|iPhone.ActiveCfg = Debug|Any CPU
		{07CF7539-768E-4CA1-AF6A-2D60BA96F079}.Ad-Hoc|iPhone.Build.0 = Debug|Any CPU
		{07CF7539-768E-4CA1-AF6A-2D60BA96F079}.Ad-Hoc|iPhoneSimulator.ActiveCfg = Debug|Any CPU
		{07CF7539-768E-4CA1-AF6A-2D60BA96F079}.Ad-Hoc|iPhoneSimulator.Build.0 = Debug|Any CPU
		{07CF7539-768E-4CA1-AF6A-2D60BA96F079}.AppStore|Any CPU.ActiveCfg = Debug|Any CPU
		{07CF7539-768E-4CA1-AF6A-2D60BA96F079}.AppStore|Any CPU.Build.0 = Debug|Any CPU
		{07CF7539-768E-4CA1-AF6A-2D60BA96F079}.AppStore|iPhone.ActiveCfg = Debug|Any CPU
		{07CF7539-768E-4CA1-AF6A-2D60BA96F079}.AppStore|iPhone.Build.0 = Debug|Any CPU
		{07CF7539-768E-4CA1-AF6A-2D60BA96F079}.AppStore|iPhoneSimulator.ActiveCfg = Debug|Any CPU
		{07CF7539-768E-4CA1-AF6A-2D60BA96F079}.AppStore|iPhoneSimulator.Build.0 = Debug|Any CPU
		{07CF7539-768E-4CA1-AF6A-2D60BA96F079}.Debug|Any CPU.ActiveCfg = Debug|Any CPU
		{07CF7539-768E-4CA1-AF6A-2D60BA96F079}.Debug|Any CPU.Build.0 = Debug|Any CPU
		{07CF7539-768E-4CA1-AF6A-2D60BA96F079}.Debug|iPhone.ActiveCfg = Debug|Any CPU
		{07CF7539-768E-4CA1-AF6A-2D60BA96F079}.Debug|iPhone.Build.0 = Debug|Any CPU
		{07CF7539-768E-4CA1-AF6A-2D60BA96F079}.Debug|iPhoneSimulator.ActiveCfg = Debug|Any CPU
		{07CF7539-768E-4CA1-AF6A-2D60BA96F079}.Debug|iPhoneSimulator.Build.0 = Debug|Any CPU
		{07CF7539-768E-4CA1-AF6A-2D60BA96F079}.Release|Any CPU.ActiveCfg = Release|Any CPU
		{07CF7539-768E-4CA1-AF6A-2D60BA96F079}.Release|Any CPU.Build.0 = Release|Any CPU
		{07CF7539-768E-4CA1-AF6A-2D60BA96F079}.Release|iPhone.ActiveCfg = Release|Any CPU
		{07CF7539-768E-4CA1-AF6A-2D60BA96F079}.Release|iPhone.Build.0 = Release|Any CPU
		{07CF7539-768E-4CA1-AF6A-2D60BA96F079}.Release|iPhoneSimulator.ActiveCfg = Release|Any CPU
		{07CF7539-768E-4CA1-AF6A-2D60BA96F079}.Release|iPhoneSimulator.Build.0 = Release|Any CPU
	EndGlobalSection
	GlobalSection(SolutionProperties) = preSolution
		HideSolutionNode = FALSE
	EndGlobalSection
	GlobalSection(ExtensibilityGlobals) = postSolution
		SolutionGuid = {8EB262B3-8FDC-4CCB-8686-FF306A59A0AA}
	EndGlobalSection
EndGlobal
